
Microsoft Visual Studio Solution File, Format Version 12.00
# Visual Studio Version 17
VisualStudioVersion = 17.11.35327.3
MinimumVisualStudioVersion = 10.0.40219.1
Project("{FAE04EC0-301F-11D3-BF4B-00C04F79EFBC}") = "Unit7LearningActivityBriston2", "Unit7LearningActivityBriston2\Unit7LearningActivityBriston2.csproj", "{0046CA9B-AA2C-4047-A3F9-740004BD5D04}"
EndProject
Project("{FAE04EC0-301F-11D3-BF4B-00C04F79EFBC}") = "ProductService", "ProductService\ProductService.csproj", "{1122DCF6-D265-43D3-8406-E6E3C26F8AAB}"
EndProject
Global
	GlobalSection(SolutionConfigurationPlatforms) = preSolution
		Debug|Any CPU = Debug|Any CPU
		Release|Any CPU = Release|Any CPU
	EndGlobalSection
	GlobalSection(ProjectConfigurationPlatforms) = postSolution
		{0046CA9B-AA2C-4047-A3F9-740004BD5D04}.Debug|Any CPU.ActiveCfg = Debug|Any CPU
		{0046CA9B-AA2C-4047-A3F9-740004BD5D04}.Debug|Any CPU.Build.0 = Debug|Any CPU
		{0046CA9B-AA2C-4047-A3F9-740004BD5D04}.Release|Any CPU.ActiveCfg = Release|Any CPU
		{0046CA9B-AA2C-4047-A3F9-740004BD5D04}.Release|Any CPU.Build.0 = Release|Any CPU
		{1122DCF6-D265-43D3-8406-E6E3C26F8AAB}.Debug|Any CPU.ActiveCfg = Debug|Any CPU
		{1122DCF6-D265-43D3-8406-E6E3C26F8AAB}.Debug|Any CPU.Build.0 = Debug|Any CPU
		{1122DCF6-D265-43D3-8406-E6E3C26F8AAB}.Release|Any CPU.ActiveCfg = Release|Any CPU
		{1122DCF6-D265-43D3-8406-E6E3C26F8AAB}.Release|Any CPU.Build.0 = Release|Any CPU
	EndGlobalSection
	GlobalSection(SolutionProperties) = preSolution
		HideSolutionNode = FALSE
	EndGlobalSection
	GlobalSection(ExtensibilityGlobals) = postSolution
		SolutionGuid = {BE83AF89-4360-49BE-B291-E8494C356E88}
	EndGlobalSection
EndGlobal
